
Microsoft Visual Studio Solution File, Format Version 12.00
# Visual Studio Version 17
VisualStudioVersion = 17.6.33723.286
MinimumVisualStudioVersion = 10.0.40219.1
Project("{FAE04EC0-301F-11D3-BF4B-00C04F79EFBC}") = "WPFWordPadHomework", "WPFWordPadHomework\WPFWordPadHomework.csproj", "{609D1E67-B7E1-460A-9559-9CFCA4A4CA51}"
EndProject
Global
	GlobalSection(SolutionConfigurationPlatforms) = preSolution
		Debug|Any CPU = Debug|Any CPU
		Release|Any CPU = Release|Any CPU
	EndGlobalSection
	GlobalSection(ProjectConfigurationPlatforms) = postSolution
		{609D1E67-B7E1-460A-9559-9CFCA4A4CA51}.Debug|Any CPU.ActiveCfg = Debug|Any CPU
		{609D1E67-B7E1-460A-9559-9CFCA4A4CA51}.Debug|Any CPU.Build.0 = Debug|Any CPU
		{609D1E67-B7E1-460A-9559-9CFCA4A4CA51}.Release|Any CPU.ActiveCfg = Release|Any CPU
		{609D1E67-B7E1-460A-9559-9CFCA4A4CA51}.Release|Any CPU.Build.0 = Release|Any CPU
	EndGlobalSection
	GlobalSection(SolutionProperties) = preSolution
		HideSolutionNode = FALSE
	EndGlobalSection
	GlobalSection(ExtensibilityGlobals) = postSolution
		SolutionGuid = {409A7DC6-6BAE-4538-BD90-02568633CF07}
	EndGlobalSection
EndGlobal
